// !$*UTF8*$!
{
	archiveVersion = 1;
	classes = {
	};
	objectVersion = 46;
	objects = {

/* Begin PBXBuildFile section */
		B579CBCF1EBE4A3C0086E183 /* AppDelegate.swift in Sources */ = {isa = PBXBuildFile; fileRef = B579CBCE1EBE4A3C0086E183 /* AppDelegate.swift */; };
		B579CBD11EBE4A3C0086E183 /* ViewController.swift in Sources */ = {isa = PBXBuildFile; fileRef = B579CBD01EBE4A3C0086E183 /* ViewController.swift */; };
		B579CBD41EBE4A3C0086E183 /* Main.storyboard in Resources */ = {isa = PBXBuildFile; fileRef = B579CBD21EBE4A3C0086E183 /* Main.storyboard */; };
		B579CBD71EBE4A3C0086E183 /* Etape01.xcdatamodeld in Sources */ = {isa = PBXBuildFile; fileRef = B579CBD51EBE4A3C0086E183 /* Etape01.xcdatamodeld */; };
		B579CBD91EBE4A3C0086E183 /* Assets.xcassets in Resources */ = {isa = PBXBuildFile; fileRef = B579CBD81EBE4A3C0086E183 /* Assets.xcassets */; };
		B579CBDC1EBE4A3C0086E183 /* LaunchScreen.storyboard in Resources */ = {isa = PBXBuildFile; fileRef = B579CBDA1EBE4A3C0086E183 /* LaunchScreen.storyboard */; };
/* End PBXBuildFile section */

/* Begin PBXContainerItemProxy section */
		B579CC291EBE5E020086E183 /* PBXContainerItemProxy */ = {
			isa = PBXContainerItemProxy;
			containerPortal = B579CC251EBE5E010086E183 /* Etape02.xcodeproj */;
			proxyType = 2;
			remoteGlobalIDString = B579CC0D1EBE5E010086E183;
			remoteInfo = Etape02;
		};
/* End PBXContainerItemProxy section */

/* Begin PBXFileReference section */
		B579CBCB1EBE4A3C0086E183 /* Etape01.app */ = {isa = PBXFileReference; explicitFileType = wrapper.application; includeInIndex = 0; path = Etape01.app; sourceTree = BUILT_PRODUCTS_DIR; };
		B579CBCE1EBE4A3C0086E183 /* AppDelegate.swift */ = {isa = PBXFileReference; lastKnownFileType = sourcecode.swift; path = AppDelegate.swift; sourceTree = "<group>"; };
		B579CBD01EBE4A3C0086E183 /* ViewController.swift */ = {isa = PBXFileReference; lastKnownFileType = sourcecode.swift; path = ViewController.swift; sourceTree = "<group>"; };
		B579CBD31EBE4A3C0086E183 /* Base */ = {isa = PBXFileReference; lastKnownFileType = file.storyboard; name = Base; path = Base.lproj/Main.storyboard; sourceTree = "<group>"; };
		B579CBD61EBE4A3C0086E183 /* Etape01.xcdatamodel */ = {isa = PBXFileReference; lastKnownFileType = wrapper.xcdatamodel; path = Etape01.xcdatamodel; sourceTree = "<group>"; };
		B579CBD81EBE4A3C0086E183 /* Assets.xcassets */ = {isa = PBXFileReference; lastKnownFileType = folder.assetcatalog; path = Assets.xcassets; sourceTree = "<group>"; };
		B579CBDB1EBE4A3C0086E183 /* Base */ = {isa = PBXFileReference; lastKnownFileType = file.storyboard; name = Base; path = Base.lproj/LaunchScreen.storyboard; sourceTree = "<group>"; };
		B579CBDD1EBE4A3C0086E183 /* Info.plist */ = {isa = PBXFileReference; lastKnownFileType = text.plist.xml; path = Info.plist; sourceTree = "<group>"; };
		B579CC251EBE5E010086E183 /* Etape02.xcodeproj */ = {isa = PBXFileReference; lastKnownFileType = "wrapper.pb-project"; name = Etape02.xcodeproj; path = Etape02/Etape02.xcodeproj; sourceTree = "<group>"; };
/* End PBXFileReference section */

/* Begin PBXFrameworksBuildPhase section */
		B579CBC81EBE4A3C0086E183 /* Frameworks */ = {
			isa = PBXFrameworksBuildPhase;
			buildActionMask = 2147483647;
			files = (
			);
			runOnlyForDeploymentPostprocessing = 0;
		};
/* End PBXFrameworksBuildPhase section */

/* Begin PBXGroup section */
		B579CBC21EBE4A3C0086E183 = {
			isa = PBXGroup;
			children = (
				B579CBCD1EBE4A3C0086E183 /* Etape01 */,
				B579CBCC1EBE4A3C0086E183 /* Products */,
				B579CC251EBE5E010086E183 /* Etape02.xcodeproj */,
			);
			sourceTree = "<group>";
		};
		B579CBCC1EBE4A3C0086E183 /* Products */ = {
			isa = PBXGroup;
			children = (
				B579CBCB1EBE4A3C0086E183 /* Etape01.app */,
			);
			name = Products;
			sourceTree = "<group>";
		};
		B579CBCD1EBE4A3C0086E183 /* Etape01 */ = {
			isa = PBXGroup;
			children = (
				B579CBCE1EBE4A3C0086E183 /* AppDelegate.swift */,
				B579CBD01EBE4A3C0086E183 /* ViewController.swift */,
				B579CBD21EBE4A3C0086E183 /* Main.storyboard */,
				B579CBD81EBE4A3C0086E183 /* Assets.xcassets */,
				B579CBDA1EBE4A3C0086E183 /* LaunchScreen.storyboard */,
				B579CBDD1EBE4A3C0086E183 /* Info.plist */,
				B579CBD51EBE4A3C0086E183 /* Etape01.xcdatamodeld */,
			);
			path = Etape01;
			sourceTree = "<group>";
		};
		B579CC261EBE5E010086E183 /* Products */ = {
			isa = PBXGroup;
			children = (
				B579CC2A1EBE5E020086E183 /* Etape02.app */,
			);
			name = Products;
			sourceTree = "<group>";
		};
/* End PBXGroup section */

/* Begin PBXNativeTarget section */
		B579CBCA1EBE4A3C0086E183 /* Etape01 */ = {
			isa = PBXNativeTarget;
			buildConfigurationList = B579CBE01EBE4A3C0086E183 /* Build configuration list for PBXNativeTarget "Etape01" */;
			buildPhases = (
				B579CBC71EBE4A3C0086E183 /* Sources */,
				B579CBC81EBE4A3C0086E183 /* Frameworks */,
				B579CBC91EBE4A3C0086E183 /* Resources */,
			);
			buildRules = (
			);
			dependencies = (
			);
			name = Etape01;
			productName = Etape01;
			productReference = B579CBCB1EBE4A3C0086E183 /* Etape01.app */;
			productType = "com.apple.product-type.application";
		};
/* End PBXNativeTarget section */

/* Begin PBXProject section */
		B579CBC31EBE4A3C0086E183 /* Project object */ = {
			isa = PBXProject;
			attributes = {
				LastSwiftUpdateCheck = 0830;
				LastUpgradeCheck = 0830;
				ORGANIZATIONNAME = Alain;
				TargetAttributes = {
					B579CBCA1EBE4A3C0086E183 = {
						CreatedOnToolsVersion = 8.3.2;
						ProvisioningStyle = Automatic;
					};
				};
			};
			buildConfigurationList = B579CBC61EBE4A3C0086E183 /* Build configuration list for PBXProject "Etape01" */;
			compatibilityVersion = "Xcode 3.2";
			developmentRegion = English;
			hasScannedForEncodings = 0;
			knownRegions = (
				en,
				Base,
			);
			mainGroup = B579CBC21EBE4A3C0086E183;
			productRefGroup = B579CBCC1EBE4A3C0086E183 /* Products */;
			projectDirPath = "";
			projectReferences = (
				{
					ProductGroup = B579CC261EBE5E010086E183 /* Products */;
					ProjectRef = B579CC251EBE5E010086E183 /* Etape02.xcodeproj */;
				},
			);
			projectRoot = "";
			targets = (
				B579CBCA1EBE4A3C0086E183 /* Etape01 */,
			);
		};
/* End PBXProject section */

/* Begin PBXReferenceProxy section */
		B579CC2A1EBE5E020086E183 /* Etape02.app */ = {
			isa = PBXReferenceProxy;
			fileType = wrapper.application;
			path = Etape02.app;
			remoteRef = B579CC291EBE5E020086E183 /* PBXContainerItemProxy */;
			sourceTree = BUILT_PRODUCTS_DIR;
		};
/* End PBXReferenceProxy section */

/* Begin PBXResourcesBuildPhase section */
		B579CBC91EBE4A3C0086E183 /* Resources */ = {
			isa = PBXResourcesBuildPhase;
			buildActionMask = 2147483647;
			files = (
				B579CBDC1EBE4A3C0086E183 /* LaunchScreen.storyboard in Resources */,
				B579CBD91EBE4A3C0086E183 /* Assets.xcassets in Resources */,
				B579CBD41EBE4A3C0086E183 /* Main.storyboard in Resources */,
			);
			runOnlyForDeploymentPostprocessing = 0;
		};
/* End PBXResourcesBuildPhase section */

/* Begin PBXSourcesBuildPhase section */
		B579CBC71EBE4A3C0086E183 /* Sources */ = {
			isa = PBXSourcesBuildPhase;
			buildActionMask = 2147483647;
			files = (
				B579CBD11EBE4A3C0086E183 /* ViewController.swift in Sources */,
				B579CBCF1EBE4A3C0086E183 /* AppDelegate.swift in Sources */,
				B579CBD71EBE4A3C0086E183 /* Etape01.xcdatamodeld in Sources */,
			);
			runOnlyForDeploymentPostprocessing = 0;
		};
/* End PBXSourcesBuildPhase section */

/* Begin PBXVariantGroup section */
		B579CBD21EBE4A3C0086E183 /* Main.storyboard */ = {
			isa = PBXVariantGroup;
			children = (
				B579CBD31EBE4A3C0086E183 /* Base */,
			);
			name = Main.storyboard;
			sourceTree = "<group>";
		};
		B579CBDA1EBE4A3C0086E183 /* LaunchScreen.storyboard */ = {
			isa = PBXVariantGroup;
			children = (
				B579CBDB1EBE4A3C0086E183 /* Base */,
			);
			name = LaunchScreen.storyboard;
			sourceTree = "<group>";
		};
/* End PBXVariantGroup section */

/* Begin XCBuildConfiguration section */
		B579CBDE1EBE4A3C0086E183 /* Debug */ = {
			isa = XCBuildConfiguration;
			buildSettings = {
				ALWAYS_SEARCH_USER_PATHS = NO;
				CLANG_ANALYZER_NONNULL = YES;
				CLANG_ANALYZER_NUMBER_OBJECT_CONVERSION = YES_AGGRESSIVE;
				CLANG_CXX_LANGUAGE_STANDARD = "gnu++0x";
				CLANG_CXX_LIBRARY = "libc++";
				CLANG_ENABLE_MODULES = YES;
				CLANG_ENABLE_OBJC_ARC = YES;
				CLANG_WARN_BOOL_CONVERSION = YES;
				CLANG_WARN_CONSTANT_CONVERSION = YES;
				CLANG_WARN_DIRECT_OBJC_ISA_USAGE = YES_ERROR;
				CLANG_WARN_DOCUMENTATION_COMMENTS = YES;
				CLANG_WARN_EMPTY_BODY = YES;
				CLANG_WARN_ENUM_CONVERSION = YES;
				CLANG_WARN_INFINITE_RECURSION = YES;
				CLANG_WARN_INT_CONVERSION = YES;
				CLANG_WARN_OBJC_ROOT_CLASS = YES_ERROR;
				CLANG_WARN_SUSPICIOUS_MOVE = YES;
				CLANG_WARN_UNREACHABLE_CODE = YES;
				CLANG_WARN__DUPLICATE_METHOD_MATCH = YES;
				"CODE_SIGN_IDENTITY[sdk=iphoneos*]" = "iPhone Developer";
				COPY_PHASE_STRIP = NO;
				DEBUG_INFORMATION_FORMAT = dwarf;
				ENABLE_STRICT_OBJC_MSGSEND = YES;
				ENABLE_TESTABILITY = YES;
				GCC_C_LANGUAGE_STANDARD = gnu99;
				GCC_DYNAMIC_NO_PIC = NO;
				GCC_NO_COMMON_BLOCKS = YES;
				GCC_OPTIMIZATION_LEVEL = 0;
				GCC_PREPROCESSOR_DEFINITIONS = (
					"DEBUG=1",
					"$(inherited)",
				);
				GCC_WARN_64_TO_32_BIT_CONVERSION = YES;
				GCC_WARN_ABOUT_RETURN_TYPE = YES_ERROR;
				GCC_WARN_UNDECLARED_SELECTOR = YES;
				GCC_WARN_UNINITIALIZED_AUTOS = YES_AGGRESSIVE;
				GCC_WARN_UNUSED_FUNCTION = YES;
				GCC_WARN_UNUSED_VARIABLE = YES;
				IPHONEOS_DEPLOYMENT_TARGET = 10.3;
				MTL_ENABLE_DEBUG_INFO = YES;
				ONLY_ACTIVE_ARCH = YES;
				SDKROOT = iphoneos;
				SWIFT_ACTIVE_COMPILATION_CONDITIONS = DEBUG;
				SWIFT_OPTIMIZATION_LEVEL = "-Onone";
				TARGETED_DEVICE_FAMILY = "1,2";
			};
			name = Debug;
		};
		B579CBDF1EBE4A3C0086E183 /* Release */ = {
			isa = XCBuildConfiguration;
			buildSettings = {
				ALWAYS_SEARCH_USER_PATHS = NO;
				CLANG_ANALYZER_NONNULL = YES;
				CLANG_ANALYZER_NUMBER_OBJECT_CONVERSION = YES_AGGRESSIVE;
				CLANG_CXX_LANGUAGE_STANDARD = "gnu++0x";
				CLANG_CXX_LIBRARY = "libc++";
				CLANG_ENABLE_MODULES = YES;
				CLANG_ENABLE_OBJC_ARC = YES;
				CLANG_WARN_BOOL_CONVERSION = YES;
				CLANG_WARN_CONSTANT_CONVERSION = YES;
				CLANG_WARN_DIRECT_OBJC_ISA_USAGE = YES_ERROR;
				CLANG_WARN_DOCUMENTATION_COMMENTS = YES;
				CLANG_WARN_EMPTY_BODY = YES;
				CLANG_WARN_ENUM_CONVERSION = YES;
				CLANG_WARN_INFINITE_RECURSION = YES;
				CLANG_WARN_INT_CONVERSION = YES;
				CLANG_WARN_OBJC_ROOT_CLASS = YES_ERROR;
				CLANG_WARN_SUSPICIOUS_MOVE = YES;
				CLANG_WARN_UNREACHABLE_CODE = YES;
				CLANG_WARN__DUPLICATE_METHOD_MATCH = YES;
				"CODE_SIGN_IDENTITY[sdk=iphoneos*]" = "iPhone Developer";
				COPY_PHASE_STRIP = NO;
				DEBUG_INFORMATION_FORMAT = "dwarf-with-dsym";
				ENABLE_NS_ASSERTIONS = NO;
				ENABLE_STRICT_OBJC_MSGSEND = YES;
				GCC_C_LANGUAGE_STANDARD = gnu99;
				GCC_NO_COMMON_BLOCKS = YES;
				GCC_WARN_64_TO_32_BIT_CONVERSION = YES;
				GCC_WARN_ABOUT_RETURN_TYPE = YES_ERROR;
				GCC_WARN_UNDECLARED_SELECTOR = YES;
				GCC_WARN_UNINITIALIZED_AUTOS = YES_AGGRESSIVE;
				GCC_WARN_UNUSED_FUNCTION = YES;
				GCC_WARN_UNUSED_VARIABLE = YES;
				IPHONEOS_DEPLOYMENT_TARGET = 10.3;
				MTL_ENABLE_DEBUG_INFO = NO;
				SDKROOT = iphoneos;
				SWIFT_OPTIMIZATION_LEVEL = "-Owholemodule";
				TARGETED_DEVICE_FAMILY = "1,2";
				VALIDATE_PRODUCT = YES;
			};
			name = Release;
		};
		B579CBE11EBE4A3C0086E183 /* Debug */ = {
			isa = XCBuildConfiguration;
			buildSettings = {
				ASSETCATALOG_COMPILER_APPICON_NAME = AppIcon;
				INFOPLIST_FILE = Etape01/Info.plist;
				LD_RUNPATH_SEARCH_PATHS = "$(inherited) @executable_path/Frameworks";
				PRODUCT_BUNDLE_IDENTIFIER = com.ve2cuy.Etape01;
				PRODUCT_NAME = "$(TARGET_NAME)";
				SWIFT_VERSION = 3.0;
			};
			name = Debug;
		};
		B579CBE21EBE4A3C0086E183 /* Release */ = {
			isa = XCBuildConfiguration;
			buildSettings = {
				ASSETCATALOG_COMPILER_APPICON_NAME = AppIcon;
				INFOPLIST_FILE = Etape01/Info.plist;
				LD_RUNPATH_SEARCH_PATHS = "$(inherited) @executable_path/Frameworks";
				PRODUCT_BUNDLE_IDENTIFIER = com.ve2cuy.Etape01;
				PRODUCT_NAME = "$(TARGET_NAME)";
				SWIFT_VERSION = 3.0;
			};
			name = Release;
		};
/* End XCBuildConfiguration section */

/* Begin XCConfigurationList section */
		B579CBC61EBE4A3C0086E183 /* Build configuration list for PBXProject "Etape01" */ = {
			isa = XCConfigurationList;
			buildConfigurations = (
				B579CBDE1EBE4A3C0086E183 /* Debug */,
				B579CBDF1EBE4A3C0086E183 /* Release */,
			);
			defaultConfigurationIsVisible = 0;
			defaultConfigurationName = Release;
		};
		B579CBE01EBE4A3C0086E183 /* Build configuration list for PBXNativeTarget "Etape01" */ = {
			isa = XCConfigurationList;
			buildConfigurations = (
				B579CBE11EBE4A3C0086E183 /* Debug */,
				B579CBE21EBE4A3C0086E183 /* Release */,
			);
			defaultConfigurationIsVisible = 0;
		};
/* End XCConfigurationList section */

/* Begin XCVersionGroup section */
		B579CBD51EBE4A3C0086E183 /* Etape01.xcdatamodeld */ = {
			isa = XCVersionGroup;
			children = (
				B579CBD61EBE4A3C0086E183 /* Etape01.xcdatamodel */,
			);
			currentVersion = B579CBD61EBE4A3C0086E183 /* Etape01.xcdatamodel */;
			path = Etape01.xcdatamodeld;
			sourceTree = "<group>";
			versionGroupType = wrapper.xcdatamodel;
		};
/* End XCVersionGroup section */
	};
	rootObject = B579CBC31EBE4A3C0086E183 /* Project object */;
}
