// !$*UTF8*$!
{
	archiveVersion = 1;
	classes = {
	};
	objectVersion = 46;
	objects = {

/* Begin PBXBuildFile section */
		B579CC111EBE5E010086E183 /* AppDelegate.swift in Sources */ = {isa = PBXBuildFile; fileRef = B579CC101EBE5E010086E183 /* AppDelegate.swift */; };
		B579CC131EBE5E010086E183 /* ViewController.swift in Sources */ = {isa = PBXBuildFile; fileRef = B579CC121EBE5E010086E183 /* ViewController.swift */; };
		B579CC161EBE5E010086E183 /* Main.storyboard in Resources */ = {isa = PBXBuildFile; fileRef = B579CC141EBE5E010086E183 /* Main.storyboard */; };
		B579CC191EBE5E010086E183 /* Etape02.xcdatamodeld in Sources */ = {isa = PBXBuildFile; fileRef = B579CC171EBE5E010086E183 /* Etape02.xcdatamodeld */; };
		B579CC1B1EBE5E010086E183 /* Assets.xcassets in Resources */ = {isa = PBXBuildFile; fileRef = B579CC1A1EBE5E010086E183 /* Assets.xcassets */; };
		B579CC1E1EBE5E010086E183 /* LaunchScreen.storyboard in Resources */ = {isa = PBXBuildFile; fileRef = B579CC1C1EBE5E010086E183 /* LaunchScreen.storyboard */; };
		B579CC541EBE60B00086E183 /* listeDesCours.plist in Resources */ = {isa = PBXBuildFile; fileRef = B579CC531EBE60B00086E183 /* listeDesCours.plist */; };
/* End PBXBuildFile section */

/* Begin PBXFileReference section */
		B579CC0D1EBE5E010086E183 /* Etape02.app */ = {isa = PBXFileReference; explicitFileType = wrapper.application; includeInIndex = 0; path = Etape02.app; sourceTree = BUILT_PRODUCTS_DIR; };
		B579CC101EBE5E010086E183 /* AppDelegate.swift */ = {isa = PBXFileReference; lastKnownFileType = sourcecode.swift; path = AppDelegate.swift; sourceTree = "<group>"; };
		B579CC121EBE5E010086E183 /* ViewController.swift */ = {isa = PBXFileReference; lastKnownFileType = sourcecode.swift; path = ViewController.swift; sourceTree = "<group>"; };
		B579CC151EBE5E010086E183 /* Base */ = {isa = PBXFileReference; lastKnownFileType = file.storyboard; name = Base; path = Base.lproj/Main.storyboard; sourceTree = "<group>"; };
		B579CC181EBE5E010086E183 /* Etape02.xcdatamodel */ = {isa = PBXFileReference; lastKnownFileType = wrapper.xcdatamodel; path = Etape02.xcdatamodel; sourceTree = "<group>"; };
		B579CC1A1EBE5E010086E183 /* Assets.xcassets */ = {isa = PBXFileReference; lastKnownFileType = folder.assetcatalog; path = Assets.xcassets; sourceTree = "<group>"; };
		B579CC1D1EBE5E010086E183 /* Base */ = {isa = PBXFileReference; lastKnownFileType = file.storyboard; name = Base; path = Base.lproj/LaunchScreen.storyboard; sourceTree = "<group>"; };
		B579CC1F1EBE5E010086E183 /* Info.plist */ = {isa = PBXFileReference; lastKnownFileType = text.plist.xml; path = Info.plist; sourceTree = "<group>"; };
		B579CC531EBE60B00086E183 /* listeDesCours.plist */ = {isa = PBXFileReference; fileEncoding = 4; lastKnownFileType = text.plist.xml; path = listeDesCours.plist; sourceTree = "<group>"; };
/* End PBXFileReference section */

/* Begin PBXFrameworksBuildPhase section */
		B579CC0A1EBE5E010086E183 /* Frameworks */ = {
			isa = PBXFrameworksBuildPhase;
			buildActionMask = 2147483647;
			files = (
			);
			runOnlyForDeploymentPostprocessing = 0;
		};
/* End PBXFrameworksBuildPhase section */

/* Begin PBXGroup section */
		B579CC041EBE5E010086E183 = {
			isa = PBXGroup;
			children = (
				B579CC0F1EBE5E010086E183 /* Etape02 */,
				B579CC0E1EBE5E010086E183 /* Products */,
			);
			sourceTree = "<group>";
		};
		B579CC0E1EBE5E010086E183 /* Products */ = {
			isa = PBXGroup;
			children = (
				B579CC0D1EBE5E010086E183 /* Etape02.app */,
			);
			name = Products;
			sourceTree = "<group>";
		};
		B579CC0F1EBE5E010086E183 /* Etape02 */ = {
			isa = PBXGroup;
			children = (
				B579CC521EBE60900086E183 /* Ressources */,
				B579CC101EBE5E010086E183 /* AppDelegate.swift */,
				B579CC121EBE5E010086E183 /* ViewController.swift */,
				B579CC141EBE5E010086E183 /* Main.storyboard */,
				B579CC1A1EBE5E010086E183 /* Assets.xcassets */,
				B579CC1C1EBE5E010086E183 /* LaunchScreen.storyboard */,
				B579CC1F1EBE5E010086E183 /* Info.plist */,
				B579CC171EBE5E010086E183 /* Etape02.xcdatamodeld */,
			);
			path = Etape02;
			sourceTree = "<group>";
		};
		B579CC521EBE60900086E183 /* Ressources */ = {
			isa = PBXGroup;
			children = (
				B579CC531EBE60B00086E183 /* listeDesCours.plist */,
			);
			name = Ressources;
			sourceTree = "<group>";
		};
/* End PBXGroup section */

/* Begin PBXNativeTarget section */
		B579CC0C1EBE5E010086E183 /* Etape02 */ = {
			isa = PBXNativeTarget;
			buildConfigurationList = B579CC221EBE5E010086E183 /* Build configuration list for PBXNativeTarget "Etape02" */;
			buildPhases = (
				B579CC091EBE5E010086E183 /* Sources */,
				B579CC0A1EBE5E010086E183 /* Frameworks */,
				B579CC0B1EBE5E010086E183 /* Resources */,
			);
			buildRules = (
			);
			dependencies = (
			);
			name = Etape02;
			productName = Etape02;
			productReference = B579CC0D1EBE5E010086E183 /* Etape02.app */;
			productType = "com.apple.product-type.application";
		};
/* End PBXNativeTarget section */

/* Begin PBXProject section */
		B579CC051EBE5E010086E183 /* Project object */ = {
			isa = PBXProject;
			attributes = {
				LastSwiftUpdateCheck = 0830;
				LastUpgradeCheck = 0830;
				ORGANIZATIONNAME = Alain;
				TargetAttributes = {
					B579CC0C1EBE5E010086E183 = {
						CreatedOnToolsVersion = 8.3.2;
						ProvisioningStyle = Automatic;
					};
				};
			};
			buildConfigurationList = B579CC081EBE5E010086E183 /* Build configuration list for PBXProject "Etape02" */;
			compatibilityVersion = "Xcode 3.2";
			developmentRegion = English;
			hasScannedForEncodings = 0;
			knownRegions = (
				en,
				Base,
			);
			mainGroup = B579CC041EBE5E010086E183;
			productRefGroup = B579CC0E1EBE5E010086E183 /* Products */;
			projectDirPath = "";
			projectRoot = "";
			targets = (
				B579CC0C1EBE5E010086E183 /* Etape02 */,
			);
		};
/* End PBXProject section */

/* Begin PBXResourcesBuildPhase section */
		B579CC0B1EBE5E010086E183 /* Resources */ = {
			isa = PBXResourcesBuildPhase;
			buildActionMask = 2147483647;
			files = (
				B579CC1E1EBE5E010086E183 /* LaunchScreen.storyboard in Resources */,
				B579CC1B1EBE5E010086E183 /* Assets.xcassets in Resources */,
				B579CC541EBE60B00086E183 /* listeDesCours.plist in Resources */,
				B579CC161EBE5E010086E183 /* Main.storyboard in Resources */,
			);
			runOnlyForDeploymentPostprocessing = 0;
		};
/* End PBXResourcesBuildPhase section */

/* Begin PBXSourcesBuildPhase section */
		B579CC091EBE5E010086E183 /* Sources */ = {
			isa = PBXSourcesBuildPhase;
			buildActionMask = 2147483647;
			files = (
				B579CC191EBE5E010086E183 /* Etape02.xcdatamodeld in Sources */,
				B579CC131EBE5E010086E183 /* ViewController.swift in Sources */,
				B579CC111EBE5E010086E183 /* AppDelegate.swift in Sources */,
			);
			runOnlyForDeploymentPostprocessing = 0;
		};
/* End PBXSourcesBuildPhase section */

/* Begin PBXVariantGroup section */
		B579CC141EBE5E010086E183 /* Main.storyboard */ = {
			isa = PBXVariantGroup;
			children = (
				B579CC151EBE5E010086E183 /* Base */,
			);
			name = Main.storyboard;
			sourceTree = "<group>";
		};
		B579CC1C1EBE5E010086E183 /* LaunchScreen.storyboard */ = {
			isa = PBXVariantGroup;
			children = (
				B579CC1D1EBE5E010086E183 /* Base */,
			);
			name = LaunchScreen.storyboard;
			sourceTree = "<group>";
		};
/* End PBXVariantGroup section */

/* Begin XCBuildConfiguration section */
		B579CC201EBE5E010086E183 /* Debug */ = {
			isa = XCBuildConfiguration;
			buildSettings = {
				ALWAYS_SEARCH_USER_PATHS = NO;
				CLANG_ANALYZER_NONNULL = YES;
				CLANG_ANALYZER_NUMBER_OBJECT_CONVERSION = YES_AGGRESSIVE;
				CLANG_CXX_LANGUAGE_STANDARD = "gnu++0x";
				CLANG_CXX_LIBRARY = "libc++";
				CLANG_ENABLE_MODULES = YES;
				CLANG_ENABLE_OBJC_ARC = YES;
				CLANG_WARN_BOOL_CONVERSION = YES;
				CLANG_WARN_CONSTANT_CONVERSION = YES;
				CLANG_WARN_DIRECT_OBJC_ISA_USAGE = YES_ERROR;
				CLANG_WARN_DOCUMENTATION_COMMENTS = YES;
				CLANG_WARN_EMPTY_BODY = YES;
				CLANG_WARN_ENUM_CONVERSION = YES;
				CLANG_WARN_INFINITE_RECURSION = YES;
				CLANG_WARN_INT_CONVERSION = YES;
				CLANG_WARN_OBJC_ROOT_CLASS = YES_ERROR;
				CLANG_WARN_SUSPICIOUS_MOVE = YES;
				CLANG_WARN_UNREACHABLE_CODE = YES;
				CLANG_WARN__DUPLICATE_METHOD_MATCH = YES;
				"CODE_SIGN_IDENTITY[sdk=iphoneos*]" = "iPhone Developer";
				COPY_PHASE_STRIP = NO;
				DEBUG_INFORMATION_FORMAT = dwarf;
				ENABLE_STRICT_OBJC_MSGSEND = YES;
				ENABLE_TESTABILITY = YES;
				GCC_C_LANGUAGE_STANDARD = gnu99;
				GCC_DYNAMIC_NO_PIC = NO;
				GCC_NO_COMMON_BLOCKS = YES;
				GCC_OPTIMIZATION_LEVEL = 0;
				GCC_PREPROCESSOR_DEFINITIONS = (
					"DEBUG=1",
					"$(inherited)",
				);
				GCC_WARN_64_TO_32_BIT_CONVERSION = YES;
				GCC_WARN_ABOUT_RETURN_TYPE = YES_ERROR;
				GCC_WARN_UNDECLARED_SELECTOR = YES;
				GCC_WARN_UNINITIALIZED_AUTOS = YES_AGGRESSIVE;
				GCC_WARN_UNUSED_FUNCTION = YES;
				GCC_WARN_UNUSED_VARIABLE = YES;
				IPHONEOS_DEPLOYMENT_TARGET = 10.3;
				MTL_ENABLE_DEBUG_INFO = YES;
				ONLY_ACTIVE_ARCH = YES;
				SDKROOT = iphoneos;
				SWIFT_ACTIVE_COMPILATION_CONDITIONS = DEBUG;
				SWIFT_OPTIMIZATION_LEVEL = "-Onone";
				TARGETED_DEVICE_FAMILY = "1,2";
			};
			name = Debug;
		};
		B579CC211EBE5E010086E183 /* Release */ = {
			isa = XCBuildConfiguration;
			buildSettings = {
				ALWAYS_SEARCH_USER_PATHS = NO;
				CLANG_ANALYZER_NONNULL = YES;
				CLANG_ANALYZER_NUMBER_OBJECT_CONVERSION = YES_AGGRESSIVE;
				CLANG_CXX_LANGUAGE_STANDARD = "gnu++0x";
				CLANG_CXX_LIBRARY = "libc++";
				CLANG_ENABLE_MODULES = YES;
				CLANG_ENABLE_OBJC_ARC = YES;
				CLANG_WARN_BOOL_CONVERSION = YES;
				CLANG_WARN_CONSTANT_CONVERSION = YES;
				CLANG_WARN_DIRECT_OBJC_ISA_USAGE = YES_ERROR;
				CLANG_WARN_DOCUMENTATION_COMMENTS = YES;
				CLANG_WARN_EMPTY_BODY = YES;
				CLANG_WARN_ENUM_CONVERSION = YES;
				CLANG_WARN_INFINITE_RECURSION = YES;
				CLANG_WARN_INT_CONVERSION = YES;
				CLANG_WARN_OBJC_ROOT_CLASS = YES_ERROR;
				CLANG_WARN_SUSPICIOUS_MOVE = YES;
				CLANG_WARN_UNREACHABLE_CODE = YES;
				CLANG_WARN__DUPLICATE_METHOD_MATCH = YES;
				"CODE_SIGN_IDENTITY[sdk=iphoneos*]" = "iPhone Developer";
				COPY_PHASE_STRIP = NO;
				DEBUG_INFORMATION_FORMAT = "dwarf-with-dsym";
				ENABLE_NS_ASSERTIONS = NO;
				ENABLE_STRICT_OBJC_MSGSEND = YES;
				GCC_C_LANGUAGE_STANDARD = gnu99;
				GCC_NO_COMMON_BLOCKS = YES;
				GCC_WARN_64_TO_32_BIT_CONVERSION = YES;
				GCC_WARN_ABOUT_RETURN_TYPE = YES_ERROR;
				GCC_WARN_UNDECLARED_SELECTOR = YES;
				GCC_WARN_UNINITIALIZED_AUTOS = YES_AGGRESSIVE;
				GCC_WARN_UNUSED_FUNCTION = YES;
				GCC_WARN_UNUSED_VARIABLE = YES;
				IPHONEOS_DEPLOYMENT_TARGET = 10.3;
				MTL_ENABLE_DEBUG_INFO = NO;
				SDKROOT = iphoneos;
				SWIFT_OPTIMIZATION_LEVEL = "-Owholemodule";
				TARGETED_DEVICE_FAMILY = "1,2";
				VALIDATE_PRODUCT = YES;
			};
			name = Release;
		};
		B579CC231EBE5E010086E183 /* Debug */ = {
			isa = XCBuildConfiguration;
			buildSettings = {
				ASSETCATALOG_COMPILER_APPICON_NAME = AppIcon;
				INFOPLIST_FILE = Etape02/Info.plist;
				LD_RUNPATH_SEARCH_PATHS = "$(inherited) @executable_path/Frameworks";
				PRODUCT_BUNDLE_IDENTIFIER = com.ve2cuy.Etape02;
				PRODUCT_NAME = "$(TARGET_NAME)";
				SWIFT_VERSION = 3.0;
			};
			name = Debug;
		};
		B579CC241EBE5E010086E183 /* Release */ = {
			isa = XCBuildConfiguration;
			buildSettings = {
				ASSETCATALOG_COMPILER_APPICON_NAME = AppIcon;
				INFOPLIST_FILE = Etape02/Info.plist;
				LD_RUNPATH_SEARCH_PATHS = "$(inherited) @executable_path/Frameworks";
				PRODUCT_BUNDLE_IDENTIFIER = com.ve2cuy.Etape02;
				PRODUCT_NAME = "$(TARGET_NAME)";
				SWIFT_VERSION = 3.0;
			};
			name = Release;
		};
/* End XCBuildConfiguration section */

/* Begin XCConfigurationList section */
		B579CC081EBE5E010086E183 /* Build configuration list for PBXProject "Etape02" */ = {
			isa = XCConfigurationList;
			buildConfigurations = (
				B579CC201EBE5E010086E183 /* Debug */,
				B579CC211EBE5E010086E183 /* Release */,
			);
			defaultConfigurationIsVisible = 0;
			defaultConfigurationName = Release;
		};
		B579CC221EBE5E010086E183 /* Build configuration list for PBXNativeTarget "Etape02" */ = {
			isa = XCConfigurationList;
			buildConfigurations = (
				B579CC231EBE5E010086E183 /* Debug */,
				B579CC241EBE5E010086E183 /* Release */,
			);
			defaultConfigurationIsVisible = 0;
		};
/* End XCConfigurationList section */

/* Begin XCVersionGroup section */
		B579CC171EBE5E010086E183 /* Etape02.xcdatamodeld */ = {
			isa = XCVersionGroup;
			children = (
				B579CC181EBE5E010086E183 /* Etape02.xcdatamodel */,
			);
			currentVersion = B579CC181EBE5E010086E183 /* Etape02.xcdatamodel */;
			path = Etape02.xcdatamodeld;
			sourceTree = "<group>";
			versionGroupType = wrapper.xcdatamodel;
		};
/* End XCVersionGroup section */
	};
	rootObject = B579CC051EBE5E010086E183 /* Project object */;
}
